{
  "nodes": {
    "flake-utils": {
      "locked": {
        "lastModified": 1623875721,
        "narHash": "sha256-A8BU7bjS5GirpAUv4QA+QnJ4CceLHkcXdRp4xITDB0s=",
        "owner": "numtide",
        "repo": "flake-utils",
        "rev": "f7e004a55b120c02ecb6219596820fcd32ca8772",
        "type": "github"
      },
      "original": {
        "owner": "numtide",
        "ref": "master",
        "repo": "flake-utils",
        "type": "github"
      }
    },
    "home-manager": {
      "inputs": {
        "nixpkgs": [
          "nixpkgs"
        ]
      },
      "locked": {
        "lastModified": 1624228557,
        "narHash": "sha256-wwOqe73BsrXfRv1PhyXQFNC8iTET50KvE/HitdkRgxs=",
        "owner": "rycee",
        "repo": "home-manager",
        "rev": "35a24648d155843a4d162de98c17b1afd5db51e4",
        "type": "github"
      },
      "original": {
        "owner": "rycee",
        "ref": "release-21.05",
        "repo": "home-manager",
        "type": "github"
      }
    },
    "mach-nix": {
      "inputs": {
        "flake-utils": [
          "flake-utils"
        ],
        "nixpkgs": [
          "nixpkgs"
        ],
        "pypi-deps-db": "pypi-deps-db"
      },
      "locked": {
        "lastModified": 1621069734,
        "narHash": "sha256-XYEFgeFkzwR1jd2a0U+VAqH7qMPqj62KOFIIfQrY+8g=",
        "owner": "DavHau",
        "repo": "mach-nix",
        "rev": "5ad199c3d5616cb317763bd78b19944a090e544b",
        "type": "github"
      },
      "original": {
        "owner": "DavHau",
        "ref": "master",
        "repo": "mach-nix",
        "type": "github"
      }
    },
    "nixpkgs": {
      "locked": {
        "lastModified": 1624172050,
        "narHash": "sha256-sLQEhZ6Ffjx0J1AJxHQDY4y7XWKxI/Zgm/hQJjkjZ6M=",
        "owner": "NixOS",
        "repo": "nixpkgs",
        "rev": "6613a30c5e3ee59753181512b4bedd4121569925",
        "type": "github"
      },
      "original": {
        "owner": "NixOS",
        "ref": "nixos-21.05",
        "repo": "nixpkgs",
        "type": "github"
      }
    },
    "pypi-deps-db": {
      "flake": false,
      "locked": {
        "lastModified": 1620853232,
        "narHash": "sha256-SeePgys1mlGUrN/YhCRoo8nApRx5H+KKjyKM1zQ+yAE=",
        "owner": "DavHau",
        "repo": "pypi-deps-db",
        "rev": "15175225c8295e08e5b95b2965892820a64e9746",
        "type": "github"
      },
      "original": {
        "owner": "DavHau",
        "repo": "pypi-deps-db",
        "type": "github"
      }
    },
    "remarkable": {
      "inputs": {
        "flake-utils": [
          "flake-utils"
        ],
        "mach-nix": "mach-nix",
        "nixpkgs": [
          "nixpkgs"
        ],
        "tinybeachthor": [
          "tinybeachthor"
        ]
      },
      "locked": {
        "lastModified": 1621606468,
        "narHash": "sha256-L4ZhBpJMf0xaCcwuQNfgyuuLAjlk1Nqy9IehnNKdD1A=",
        "owner": "tinybeachthor",
        "repo": "remarkable",
        "rev": "1a4b5f2f2f930135ba67de2e066930ddb0882f12",
        "type": "github"
      },
      "original": {
        "owner": "tinybeachthor",
        "ref": "master",
        "repo": "remarkable",
        "type": "github"
      }
    },
    "root": {
      "inputs": {
        "flake-utils": "flake-utils",
        "home-manager": "home-manager",
        "nixpkgs": "nixpkgs",
        "remarkable": "remarkable",
        "tinybeachthor": "tinybeachthor"
      }
    },
    "tinybeachthor": {
      "inputs": {
        "nixpkgs": [
          "nixpkgs"
        ]
      },
      "locked": {
        "lastModified": 1618229792,
        "narHash": "sha256-SD5Ni8gY0wXTNYK2EvnoRGrffz9GmVaao3u8G3M4+ow=",
        "owner": "tinybeachthor",
        "repo": "nur-packages",
        "rev": "63cc6cefe64a4e73ee7d89e0cfcd72f144852a36",
        "type": "github"
      },
      "original": {
        "owner": "tinybeachthor",
        "ref": "master",
        "repo": "nur-packages",
        "type": "github"
      }
    }
  },
  "root": "root",
  "version": 7
}
