{
  "nodes": {
    "flake-utils": {
      "locked": {
        "lastModified": 1618217525,
        "narHash": "sha256-WGrhVczjXTiswQaoxQ+0PTfbLNeOQM6M36zvLn78AYg=",
        "owner": "numtide",
        "repo": "flake-utils",
        "rev": "c6169a2772643c4a93a0b5ac1c61e296cba68544",
        "type": "github"
      },
      "original": {
        "owner": "numtide",
        "repo": "flake-utils",
        "type": "github"
      }
    },
    "home-manager": {
      "inputs": {
        "nixpkgs": [
          "nixpkgs"
        ]
      },
      "locked": {
        "lastModified": 1617824794,
        "narHash": "sha256-UGkvzx0nIXHhNq/KwJLjXvKAQRE2V33MuX+UirvqrkQ=",
        "owner": "rycee",
        "repo": "home-manager",
        "rev": "2aa20ae969f2597c4df10a094440a66e9d7f8c86",
        "type": "github"
      },
      "original": {
        "owner": "rycee",
        "ref": "release-20.09",
        "repo": "home-manager",
        "type": "github"
      }
    },
    "mach-nix": {
      "inputs": {
        "flake-utils": [
          "flake-utils"
        ],
        "nixpkgs": [
          "nixpkgs"
        ],
        "pypi-deps-db": "pypi-deps-db"
      },
      "locked": {
        "lastModified": 1613638576,
        "narHash": "sha256-ry1PHKjTUDm3lxjtyyKLYO+O7AgofWuSINgQBO01xng=",
        "owner": "DavHau",
        "repo": "mach-nix",
        "rev": "afa94cb61ce68fad8688ce4f32fc7095962aa191",
        "type": "github"
      },
      "original": {
        "owner": "DavHau",
        "ref": "master",
        "repo": "mach-nix",
        "type": "github"
      }
    },
    "nixpkgs": {
      "locked": {
        "lastModified": 1618750622,
        "narHash": "sha256-AfRXbXH1t7WgDiHt+CWofoLuy12nfFTY4pZoGfPueQo=",
        "owner": "NixOS",
        "repo": "nixpkgs",
        "rev": "b2a189a8618fc1ba61593016fe5699b38971b89f",
        "type": "github"
      },
      "original": {
        "owner": "NixOS",
        "ref": "nixos-20.09",
        "repo": "nixpkgs",
        "type": "github"
      }
    },
    "pypi-deps-db": {
      "flake": false,
      "locked": {
        "lastModified": 1606280641,
        "narHash": "sha256-sVYIBMtvZgxQQkbxZg/45xw4e7vVh+5SU1kkvUvtnrc=",
        "owner": "DavHau",
        "repo": "pypi-deps-db",
        "rev": "63bb8887c8de8e056f5ed77ac6a35c771c0c5d57",
        "type": "github"
      },
      "original": {
        "owner": "DavHau",
        "repo": "pypi-deps-db",
        "type": "github"
      }
    },
    "remarkable": {
      "inputs": {
        "flake-utils": [
          "flake-utils"
        ],
        "mach-nix": "mach-nix",
        "nixpkgs": [
          "nixpkgs"
        ],
        "tinybeachthor": [
          "tinybeachthor"
        ]
      },
      "locked": {
        "lastModified": 1614210944,
        "narHash": "sha256-k4AtyJOjtKLNN51RrnuTQxylHAb/sp6aJ84y8B11N/s=",
        "owner": "tinybeachthor",
        "repo": "remarkable",
        "rev": "0520be27c62806080f29e45d1e0ffe350bdc9f08",
        "type": "github"
      },
      "original": {
        "owner": "tinybeachthor",
        "ref": "master",
        "repo": "remarkable",
        "type": "github"
      }
    },
    "root": {
      "inputs": {
        "flake-utils": "flake-utils",
        "home-manager": "home-manager",
        "nixpkgs": "nixpkgs",
        "remarkable": "remarkable",
        "tinybeachthor": "tinybeachthor"
      }
    },
    "tinybeachthor": {
      "inputs": {
        "nixpkgs": [
          "nixpkgs"
        ]
      },
      "locked": {
        "lastModified": 1618229792,
        "narHash": "sha256-SD5Ni8gY0wXTNYK2EvnoRGrffz9GmVaao3u8G3M4+ow=",
        "owner": "tinybeachthor",
        "repo": "nur-packages",
        "rev": "63cc6cefe64a4e73ee7d89e0cfcd72f144852a36",
        "type": "github"
      },
      "original": {
        "owner": "tinybeachthor",
        "ref": "master",
        "repo": "nur-packages",
        "type": "github"
      }
    }
  },
  "root": "root",
  "version": 7
}
